
Microsoft Visual Studio Solution File, Format Version 12.00
# Visual Studio 15
VisualStudioVersion = 15.0.28307.421
MinimumVisualStudioVersion = 10.0.40219.1
Project("{FAE04EC0-301F-11D3-BF4B-00C04F79EFBC}") = "OfficeApplication", "OfficeApplication\OfficeApplication.csproj", "{FC8D2BDB-FDEE-4B4D-A7BC-3B01F2891BB9}"
EndProject
Project("{FAE04EC0-301F-11D3-BF4B-00C04F79EFBC}") = "OfficeApplication.BLL", "OfficeApplication.BLL\OfficeApplication.BLL.csproj", "{58CAC857-2232-4F4E-B7C0-B475C97DFB60}"
EndProject
Global
	GlobalSection(SolutionConfigurationPlatforms) = preSolution
		Debug|Any CPU = Debug|Any CPU
		Release|Any CPU = Release|Any CPU
	EndGlobalSection
	GlobalSection(ProjectConfigurationPlatforms) = postSolution
		{FC8D2BDB-FDEE-4B4D-A7BC-3B01F2891BB9}.Debug|Any CPU.ActiveCfg = Debug|Any CPU
		{FC8D2BDB-FDEE-4B4D-A7BC-3B01F2891BB9}.Debug|Any CPU.Build.0 = Debug|Any CPU
		{FC8D2BDB-FDEE-4B4D-A7BC-3B01F2891BB9}.Release|Any CPU.ActiveCfg = Release|Any CPU
		{FC8D2BDB-FDEE-4B4D-A7BC-3B01F2891BB9}.Release|Any CPU.Build.0 = Release|Any CPU
		{58CAC857-2232-4F4E-B7C0-B475C97DFB60}.Debug|Any CPU.ActiveCfg = Debug|Any CPU
		{58CAC857-2232-4F4E-B7C0-B475C97DFB60}.Debug|Any CPU.Build.0 = Debug|Any CPU
		{58CAC857-2232-4F4E-B7C0-B475C97DFB60}.Release|Any CPU.ActiveCfg = Release|Any CPU
		{58CAC857-2232-4F4E-B7C0-B475C97DFB60}.Release|Any CPU.Build.0 = Release|Any CPU
	EndGlobalSection
	GlobalSection(SolutionProperties) = preSolution
		HideSolutionNode = FALSE
	EndGlobalSection
	GlobalSection(ExtensibilityGlobals) = postSolution
		SolutionGuid = {A58823B5-BFA0-45D7-A4F3-7476759C9EA3}
	EndGlobalSection
	GlobalSection(TeamFoundationVersionControl) = preSolution
		SccNumberOfProjects = 3
		SccEnterpriseProvider = {4CA58AB2-18FA-4F8D-95D4-32DDF27D184C}
		SccTeamFoundationServer = https://cs-work-project.visualstudio.com/
		SccLocalPath0 = .
		SccProjectUniqueName1 = OfficeApplication.BLL\\OfficeApplication.BLL.csproj
		SccProjectName1 = OfficeApplication.BLL
		SccLocalPath1 = OfficeApplication.BLL
		SccProjectUniqueName2 = OfficeApplication\\OfficeApplication.csproj
		SccProjectName2 = OfficeApplication
		SccLocalPath2 = OfficeApplication
	EndGlobalSection
EndGlobal
