
Microsoft Visual Studio Solution File, Format Version 12.00
# Visual Studio Version 16
VisualStudioVersion = 16.0.30621.155
MinimumVisualStudioVersion = 10.0.40219.1
Project("{FAE04EC0-301F-11D3-BF4B-00C04F79EFBC}") = "CarisbrookeOpenFileService", "CarisbrookeOpenFileService\CarisbrookeOpenFileService.csproj", "{1AAF5E15-7971-4B30-9A8A-11295EDB2F86}"
EndProject
Global
	GlobalSection(SolutionConfigurationPlatforms) = preSolution
		CD_ROM|Any CPU = CD_ROM|Any CPU
		Debug|Any CPU = Debug|Any CPU
		DVD-5|Any CPU = DVD-5|Any CPU
		Release|Any CPU = Release|Any CPU
		SingleImage|Any CPU = SingleImage|Any CPU
	EndGlobalSection
	GlobalSection(ProjectConfigurationPlatforms) = postSolution
		{1AAF5E15-7971-4B30-9A8A-11295EDB2F86}.CD_ROM|Any CPU.ActiveCfg = Release|Any CPU
		{1AAF5E15-7971-4B30-9A8A-11295EDB2F86}.CD_ROM|Any CPU.Build.0 = Release|Any CPU
		{1AAF5E15-7971-4B30-9A8A-11295EDB2F86}.Debug|Any CPU.ActiveCfg = Debug|Any CPU
		{1AAF5E15-7971-4B30-9A8A-11295EDB2F86}.Debug|Any CPU.Build.0 = Debug|Any CPU
		{1AAF5E15-7971-4B30-9A8A-11295EDB2F86}.DVD-5|Any CPU.ActiveCfg = Debug|Any CPU
		{1AAF5E15-7971-4B30-9A8A-11295EDB2F86}.DVD-5|Any CPU.Build.0 = Debug|Any CPU
		{1AAF5E15-7971-4B30-9A8A-11295EDB2F86}.Release|Any CPU.ActiveCfg = Release|Any CPU
		{1AAF5E15-7971-4B30-9A8A-11295EDB2F86}.Release|Any CPU.Build.0 = Release|Any CPU
		{1AAF5E15-7971-4B30-9A8A-11295EDB2F86}.SingleImage|Any CPU.ActiveCfg = Release|Any CPU
		{1AAF5E15-7971-4B30-9A8A-11295EDB2F86}.SingleImage|Any CPU.Build.0 = Release|Any CPU
	EndGlobalSection
	GlobalSection(SolutionProperties) = preSolution
		HideSolutionNode = FALSE
	EndGlobalSection
	GlobalSection(ExtensibilityGlobals) = postSolution
		SolutionGuid = {9F4EE07A-2509-49DE-BF95-C29EA65ABF7B}
	EndGlobalSection
	GlobalSection(TeamFoundationVersionControl) = preSolution
		SccNumberOfProjects = 2
		SccEnterpriseProvider = {4CA58AB2-18FA-4F8D-95D4-32DDF27D184C}
		SccTeamFoundationServer = https://cs-work-project.visualstudio.com/
		SccLocalPath0 = .
		SccProjectUniqueName1 = CarisbrookeOpenFileService\\CarisbrookeOpenFileService.csproj
		SccProjectName1 = CarisbrookeOpenFileService
		SccLocalPath1 = CarisbrookeOpenFileService
	EndGlobalSection
EndGlobal
